
Microsoft Visual Studio Solution File, Format Version 12.00
# Visual Studio Version 17
VisualStudioVersion = 17.6.33815.320
MinimumVisualStudioVersion = 10.0.40219.1
Project("{9A19103F-16F7-4668-BE54-9A1E7A4F7556}") = "PruebaTecnicaBDP", "PruebaTecnicaBDP.csproj", "{B7A7AC07-CEFF-429C-AF4A-6AAA000685B3}"
EndProject
Project("{9A19103F-16F7-4668-BE54-9A1E7A4F7556}") = "FilmsCRUD.model", "..\FilmsCRUD.model\FilmsCRUD.model.csproj", "{AEC87282-047B-4827-9899-FEE5B94319C1}"
EndProject
Global
	GlobalSection(SolutionConfigurationPlatforms) = preSolution
		Debug|Any CPU = Debug|Any CPU
		Release|Any CPU = Release|Any CPU
	EndGlobalSection
	GlobalSection(ProjectConfigurationPlatforms) = postSolution
		{B7A7AC07-CEFF-429C-AF4A-6AAA000685B3}.Debug|Any CPU.ActiveCfg = Debug|Any CPU
		{B7A7AC07-CEFF-429C-AF4A-6AAA000685B3}.Debug|Any CPU.Build.0 = Debug|Any CPU
		{B7A7AC07-CEFF-429C-AF4A-6AAA000685B3}.Release|Any CPU.ActiveCfg = Release|Any CPU
		{B7A7AC07-CEFF-429C-AF4A-6AAA000685B3}.Release|Any CPU.Build.0 = Release|Any CPU
		{AEC87282-047B-4827-9899-FEE5B94319C1}.Debug|Any CPU.ActiveCfg = Debug|Any CPU
		{AEC87282-047B-4827-9899-FEE5B94319C1}.Debug|Any CPU.Build.0 = Debug|Any CPU
		{AEC87282-047B-4827-9899-FEE5B94319C1}.Release|Any CPU.ActiveCfg = Release|Any CPU
		{AEC87282-047B-4827-9899-FEE5B94319C1}.Release|Any CPU.Build.0 = Release|Any CPU
	EndGlobalSection
	GlobalSection(SolutionProperties) = preSolution
		HideSolutionNode = FALSE
	EndGlobalSection
	GlobalSection(ExtensibilityGlobals) = postSolution
		SolutionGuid = {562E5B60-228B-416A-B4F1-4E45C64B50E9}
	EndGlobalSection
EndGlobal
